
Microsoft Visual Studio Solution File, Format Version 12.00
# Visual Studio Version 16
VisualStudioVersion = 16.0.29424.173
MinimumVisualStudioVersion = 10.0.40219.1
Project("{9A19103F-16F7-4668-BE54-9A1E7A4F7556}") = "WebApi", "WebApi\WebApi.csproj", "{802B273F-3D22-4EC6-A279-FC795ABF7A6F}"
EndProject
Project("{FAE04EC0-301F-11D3-BF4B-00C04F79EFBC}") = "WebApi.Tests", "WebApi.Tests\WebApi.Tests.csproj", "{71CACA45-BD76-450F-A351-AE0034DA59FB}"
EndProject
Global
	GlobalSection(SolutionConfigurationPlatforms) = preSolution
		Debug|Any CPU = Debug|Any CPU
		Release|Any CPU = Release|Any CPU
	EndGlobalSection
	GlobalSection(ProjectConfigurationPlatforms) = postSolution
		{802B273F-3D22-4EC6-A279-FC795ABF7A6F}.Debug|Any CPU.ActiveCfg = Debug|Any CPU
		{802B273F-3D22-4EC6-A279-FC795ABF7A6F}.Debug|Any CPU.Build.0 = Debug|Any CPU
		{802B273F-3D22-4EC6-A279-FC795ABF7A6F}.Release|Any CPU.ActiveCfg = Release|Any CPU
		{802B273F-3D22-4EC6-A279-FC795ABF7A6F}.Release|Any CPU.Build.0 = Release|Any CPU
		{71CACA45-BD76-450F-A351-AE0034DA59FB}.Debug|Any CPU.ActiveCfg = Debug|Any CPU
		{71CACA45-BD76-450F-A351-AE0034DA59FB}.Debug|Any CPU.Build.0 = Debug|Any CPU
		{71CACA45-BD76-450F-A351-AE0034DA59FB}.Release|Any CPU.ActiveCfg = Release|Any CPU
		{71CACA45-BD76-450F-A351-AE0034DA59FB}.Release|Any CPU.Build.0 = Release|Any CPU
	EndGlobalSection
	GlobalSection(SolutionProperties) = preSolution
		HideSolutionNode = FALSE
	EndGlobalSection
	GlobalSection(ExtensibilityGlobals) = postSolution
		SolutionGuid = {8FB7A9B8-608C-4A05-87EC-4AB476CE4282}
	EndGlobalSection
EndGlobal
